
Microsoft Visual Studio Solution File, Format Version 12.00
# Visual Studio 15
VisualStudioVersion = 15.0.28307.168
MinimumVisualStudioVersion = 10.0.40219.1
Project("{9A19103F-16F7-4668-BE54-9A1E7A4F7556}") = "VL.OnlineShop", "VL.OnlineShop\VL.OnlineShop.csproj", "{BE5819F2-317F-4176-83DE-63520D5C7561}"
EndProject
Project("{9A19103F-16F7-4668-BE54-9A1E7A4F7556}") = "VL.OnlineShop.WebAPI", "VL.OnlineShop.WebAPI\VL.OnlineShop.WebAPI.csproj", "{58657971-8E13-4940-B7A3-0A87C04D80A7}"
EndProject
Project("{9A19103F-16F7-4668-BE54-9A1E7A4F7556}") = "VL.OnlineShop.Cmd", "VL.OnlineShop.Cmd\VL.OnlineShop.Cmd.csproj", "{7EEBFDD9-31A9-42A2-B1C1-86A680B7DAFC}"
EndProject
Project("{9A19103F-16F7-4668-BE54-9A1E7A4F7556}") = "ApplicationCore", "ApplicationCore\ApplicationCore.csproj", "{1E5F6C2D-4DCD-4161-87FA-EB9D441449B3}"
EndProject
Project("{9A19103F-16F7-4668-BE54-9A1E7A4F7556}") = "Infrastructure", "Infrastructure\Infrastructure.csproj", "{604F312B-3D34-4287-A541-0F66B9444928}"
EndProject
Global
	GlobalSection(SolutionConfigurationPlatforms) = preSolution
		Debug|Any CPU = Debug|Any CPU
		Release|Any CPU = Release|Any CPU
	EndGlobalSection
	GlobalSection(ProjectConfigurationPlatforms) = postSolution
		{BE5819F2-317F-4176-83DE-63520D5C7561}.Debug|Any CPU.ActiveCfg = Debug|Any CPU
		{BE5819F2-317F-4176-83DE-63520D5C7561}.Debug|Any CPU.Build.0 = Debug|Any CPU
		{BE5819F2-317F-4176-83DE-63520D5C7561}.Release|Any CPU.ActiveCfg = Release|Any CPU
		{BE5819F2-317F-4176-83DE-63520D5C7561}.Release|Any CPU.Build.0 = Release|Any CPU
		{58657971-8E13-4940-B7A3-0A87C04D80A7}.Debug|Any CPU.ActiveCfg = Debug|Any CPU
		{58657971-8E13-4940-B7A3-0A87C04D80A7}.Debug|Any CPU.Build.0 = Debug|Any CPU
		{58657971-8E13-4940-B7A3-0A87C04D80A7}.Release|Any CPU.ActiveCfg = Release|Any CPU
		{58657971-8E13-4940-B7A3-0A87C04D80A7}.Release|Any CPU.Build.0 = Release|Any CPU
		{7EEBFDD9-31A9-42A2-B1C1-86A680B7DAFC}.Debug|Any CPU.ActiveCfg = Debug|Any CPU
		{7EEBFDD9-31A9-42A2-B1C1-86A680B7DAFC}.Debug|Any CPU.Build.0 = Debug|Any CPU
		{7EEBFDD9-31A9-42A2-B1C1-86A680B7DAFC}.Release|Any CPU.ActiveCfg = Release|Any CPU
		{7EEBFDD9-31A9-42A2-B1C1-86A680B7DAFC}.Release|Any CPU.Build.0 = Release|Any CPU
		{1E5F6C2D-4DCD-4161-87FA-EB9D441449B3}.Debug|Any CPU.ActiveCfg = Debug|Any CPU
		{1E5F6C2D-4DCD-4161-87FA-EB9D441449B3}.Debug|Any CPU.Build.0 = Debug|Any CPU
		{1E5F6C2D-4DCD-4161-87FA-EB9D441449B3}.Release|Any CPU.ActiveCfg = Release|Any CPU
		{1E5F6C2D-4DCD-4161-87FA-EB9D441449B3}.Release|Any CPU.Build.0 = Release|Any CPU
		{604F312B-3D34-4287-A541-0F66B9444928}.Debug|Any CPU.ActiveCfg = Debug|Any CPU
		{604F312B-3D34-4287-A541-0F66B9444928}.Debug|Any CPU.Build.0 = Debug|Any CPU
		{604F312B-3D34-4287-A541-0F66B9444928}.Release|Any CPU.ActiveCfg = Release|Any CPU
		{604F312B-3D34-4287-A541-0F66B9444928}.Release|Any CPU.Build.0 = Release|Any CPU
	EndGlobalSection
	GlobalSection(SolutionProperties) = preSolution
		HideSolutionNode = FALSE
	EndGlobalSection
	GlobalSection(ExtensibilityGlobals) = postSolution
		SolutionGuid = {BC580055-2AE9-4771-9452-3FD074444365}
	EndGlobalSection
EndGlobal
